
Microsoft Visual Studio Solution File, Format Version 12.00
# Visual Studio Version 16
VisualStudioVersion = 16.0.30907.101
MinimumVisualStudioVersion = 10.0.40219.1
Project("{FAE04EC0-301F-11D3-BF4B-00C04F79EFBC}") = "Tomi.NoDaTime.Razor", "Tomi.NoDaTime.Razor.csproj", "{EEB08AB0-D2B1-4A0E-ACFE-8F5988F7B89C}"
EndProject
Global
	GlobalSection(SolutionConfigurationPlatforms) = preSolution
		Debug|Any CPU = Debug|Any CPU
		Release|Any CPU = Release|Any CPU
	EndGlobalSection
	GlobalSection(ProjectConfigurationPlatforms) = postSolution
		{EEB08AB0-D2B1-4A0E-ACFE-8F5988F7B89C}.Debug|Any CPU.ActiveCfg = Debug|Any CPU
		{EEB08AB0-D2B1-4A0E-ACFE-8F5988F7B89C}.Debug|Any CPU.Build.0 = Debug|Any CPU
		{EEB08AB0-D2B1-4A0E-ACFE-8F5988F7B89C}.Release|Any CPU.ActiveCfg = Release|Any CPU
		{EEB08AB0-D2B1-4A0E-ACFE-8F5988F7B89C}.Release|Any CPU.Build.0 = Release|Any CPU
	EndGlobalSection
	GlobalSection(SolutionProperties) = preSolution
		HideSolutionNode = FALSE
	EndGlobalSection
	GlobalSection(ExtensibilityGlobals) = postSolution
		SolutionGuid = {38F3645F-78D1-4A84-841C-86359BA41398}
	EndGlobalSection
EndGlobal
